
Microsoft Visual Studio Solution File, Format Version 12.00
# Visual Studio Version 16
VisualStudioVersion = 16.0.29409.12
MinimumVisualStudioVersion = 10.0.40219.1
Project("{2150E333-8FDC-42A3-9474-1A3956D46DE8}") = "src", "src", "{8F9DBEDC-AF58-45E3-B36D-C9D0BB31AABA}"
EndProject
Project("{2150E333-8FDC-42A3-9474-1A3956D46DE8}") = "Creational", "Creational", "{7ED9EB0C-89BF-4E4C-A50A-C6FE0FA68EF8}"
EndProject
Project("{9A19103F-16F7-4668-BE54-9A1E7A4F7556}") = "FactoryMethod", "src\Creational\FactoryMethod\FactoryMethod.csproj", "{76BDF7B5-8C52-4692-B4A5-CC5781EFB595}"
EndProject
Project("{9A19103F-16F7-4668-BE54-9A1E7A4F7556}") = "AbstractFactory", "src\Creational\AbstractFactory\AbstractFactory.csproj", "{66A48072-3199-413E-B034-9CE714AAA896}"
EndProject
Project("{9A19103F-16F7-4668-BE54-9A1E7A4F7556}") = "Builder", "src\Creational\Builder\Builder.csproj", "{DB9CC17D-DC04-4229-B749-A21698D358BB}"
EndProject
Project("{9A19103F-16F7-4668-BE54-9A1E7A4F7556}") = "Prototype", "src\Creational\Prototype\Prototype.csproj", "{265CCC45-A285-4CC3-96C5-018458387D99}"
EndProject
Project("{9A19103F-16F7-4668-BE54-9A1E7A4F7556}") = "Singleton", "src\Creational\Singleton\Singleton.csproj", "{3BD76DEC-A194-4858-8AF1-D08884D91B62}"
EndProject
Project("{2150E333-8FDC-42A3-9474-1A3956D46DE8}") = "Structural", "Structural", "{661D2BF3-5B30-4B69-8EFD-F247B9780E65}"
EndProject
Project("{9A19103F-16F7-4668-BE54-9A1E7A4F7556}") = "Adapter", "src\Structural\Adapter\Adapter.csproj", "{C472BB4C-94D4-417F-A3E1-77BE14B22AD8}"
EndProject
Project("{9A19103F-16F7-4668-BE54-9A1E7A4F7556}") = "Bridge", "src\Structural\Bridge\Bridge.csproj", "{AECBBC31-C47F-48A6-913D-8C0E3AD7AD9F}"
EndProject
Project("{9A19103F-16F7-4668-BE54-9A1E7A4F7556}") = "Composite", "src\Structural\Composite\Composite.csproj", "{27084975-92D9-4EFE-9790-B2A94E1DA568}"
EndProject
Project("{9A19103F-16F7-4668-BE54-9A1E7A4F7556}") = "Decorator", "src\Structural\Decorator\Decorator.csproj", "{17DD4E1C-05D5-480E-99A2-3FDBD9831E10}"
EndProject
Project("{9A19103F-16F7-4668-BE54-9A1E7A4F7556}") = "Facade", "src\Structural\Facade\Facade.csproj", "{4931B6F4-3D91-44B6-AC0C-CE9365102D31}"
EndProject
Project("{9A19103F-16F7-4668-BE54-9A1E7A4F7556}") = "Flyweight", "src\Structural\Flyweight\Flyweight.csproj", "{8A41D46C-DBD5-431A-A7AC-BDC6B558F609}"
EndProject
Project("{9A19103F-16F7-4668-BE54-9A1E7A4F7556}") = "Proxy", "src\Structural\Proxy\Proxy.csproj", "{9FEA2852-FFAF-4801-83D4-16D748E2D67C}"
EndProject
Project("{2150E333-8FDC-42A3-9474-1A3956D46DE8}") = "Behavioral", "Behavioral", "{3B975867-8453-4854-B303-7EDFCC99EF43}"
EndProject
Project("{9A19103F-16F7-4668-BE54-9A1E7A4F7556}") = "ChainOfResponsibility", "src\Behavioral\ChainOfResponsibility\ChainOfResponsibility.csproj", "{D52AFE14-8565-443E-BC57-1ECD565D6787}"
EndProject
Project("{9A19103F-16F7-4668-BE54-9A1E7A4F7556}") = "Command", "src\Behavioral\Command\Command.csproj", "{5E1A9BC1-EB63-4391-A4CE-01C5919CF1D0}"
EndProject
Project("{9A19103F-16F7-4668-BE54-9A1E7A4F7556}") = "Iterator", "src\Behavioral\Iterator\Iterator.csproj", "{2AAC48D1-9308-4436-B65B-17F1988E9411}"
EndProject
Project("{9A19103F-16F7-4668-BE54-9A1E7A4F7556}") = "Mediator", "src\Behavioral\Mediator\Mediator.csproj", "{FB74FCCC-BEF4-46BB-AFC9-93445DAC0C8B}"
EndProject
Project("{9A19103F-16F7-4668-BE54-9A1E7A4F7556}") = "Memento", "src\Behavioral\Memento\Memento.csproj", "{314B5C8D-0D6B-499A-AA54-627E0D7E349C}"
EndProject
Project("{9A19103F-16F7-4668-BE54-9A1E7A4F7556}") = "Observer", "src\Behavioral\Observer\Observer.csproj", "{11A889B0-06D6-41BB-97ED-0A167EDE0566}"
EndProject
Project("{9A19103F-16F7-4668-BE54-9A1E7A4F7556}") = "State", "src\Behavioral\State\State.csproj", "{E5905324-71FF-4180-8574-D7C33DA77952}"
EndProject
Project("{9A19103F-16F7-4668-BE54-9A1E7A4F7556}") = "Strategy", "src\Behavioral\Strategy\Strategy.csproj", "{9CB61ED0-5436-4C4B-94F6-DA9E35A01E4C}"
EndProject
Project("{9A19103F-16F7-4668-BE54-9A1E7A4F7556}") = "TemplateMethod", "src\Behavioral\TemplateMethod\TemplateMethod.csproj", "{B221D555-90E9-400B-9A83-97A2D773D3A3}"
EndProject
Project("{9A19103F-16F7-4668-BE54-9A1E7A4F7556}") = "Visitor", "src\Behavioral\Visitor\Visitor.csproj", "{8DE9ACC3-B7B3-40C4-B7B3-B4F8693A8F79}"
EndProject
Project("{FAE04EC0-301F-11D3-BF4B-00C04F79EFBC}") = "Interpreter", "src\Behavioral\Interpreter\Interpreter.csproj", "{D52BA020-A16A-4647-B013-EA5AC108E9B7}"
EndProject
Global
	GlobalSection(SolutionConfigurationPlatforms) = preSolution
		Debug|Any CPU = Debug|Any CPU
		Release|Any CPU = Release|Any CPU
	EndGlobalSection
	GlobalSection(ProjectConfigurationPlatforms) = postSolution
		{76BDF7B5-8C52-4692-B4A5-CC5781EFB595}.Debug|Any CPU.ActiveCfg = Debug|Any CPU
		{76BDF7B5-8C52-4692-B4A5-CC5781EFB595}.Debug|Any CPU.Build.0 = Debug|Any CPU
		{76BDF7B5-8C52-4692-B4A5-CC5781EFB595}.Release|Any CPU.ActiveCfg = Release|Any CPU
		{76BDF7B5-8C52-4692-B4A5-CC5781EFB595}.Release|Any CPU.Build.0 = Release|Any CPU
		{66A48072-3199-413E-B034-9CE714AAA896}.Debug|Any CPU.ActiveCfg = Debug|Any CPU
		{66A48072-3199-413E-B034-9CE714AAA896}.Debug|Any CPU.Build.0 = Debug|Any CPU
		{66A48072-3199-413E-B034-9CE714AAA896}.Release|Any CPU.ActiveCfg = Release|Any CPU
		{66A48072-3199-413E-B034-9CE714AAA896}.Release|Any CPU.Build.0 = Release|Any CPU
		{DB9CC17D-DC04-4229-B749-A21698D358BB}.Debug|Any CPU.ActiveCfg = Debug|Any CPU
		{DB9CC17D-DC04-4229-B749-A21698D358BB}.Debug|Any CPU.Build.0 = Debug|Any CPU
		{DB9CC17D-DC04-4229-B749-A21698D358BB}.Release|Any CPU.ActiveCfg = Release|Any CPU
		{DB9CC17D-DC04-4229-B749-A21698D358BB}.Release|Any CPU.Build.0 = Release|Any CPU
		{265CCC45-A285-4CC3-96C5-018458387D99}.Debug|Any CPU.ActiveCfg = Debug|Any CPU
		{265CCC45-A285-4CC3-96C5-018458387D99}.Debug|Any CPU.Build.0 = Debug|Any CPU
		{265CCC45-A285-4CC3-96C5-018458387D99}.Release|Any CPU.ActiveCfg = Release|Any CPU
		{265CCC45-A285-4CC3-96C5-018458387D99}.Release|Any CPU.Build.0 = Release|Any CPU
		{3BD76DEC-A194-4858-8AF1-D08884D91B62}.Debug|Any CPU.ActiveCfg = Debug|Any CPU
		{3BD76DEC-A194-4858-8AF1-D08884D91B62}.Debug|Any CPU.Build.0 = Debug|Any CPU
		{3BD76DEC-A194-4858-8AF1-D08884D91B62}.Release|Any CPU.ActiveCfg = Release|Any CPU
		{3BD76DEC-A194-4858-8AF1-D08884D91B62}.Release|Any CPU.Build.0 = Release|Any CPU
		{C472BB4C-94D4-417F-A3E1-77BE14B22AD8}.Debug|Any CPU.ActiveCfg = Debug|Any CPU
		{C472BB4C-94D4-417F-A3E1-77BE14B22AD8}.Debug|Any CPU.Build.0 = Debug|Any CPU
		{C472BB4C-94D4-417F-A3E1-77BE14B22AD8}.Release|Any CPU.ActiveCfg = Release|Any CPU
		{C472BB4C-94D4-417F-A3E1-77BE14B22AD8}.Release|Any CPU.Build.0 = Release|Any CPU
		{AECBBC31-C47F-48A6-913D-8C0E3AD7AD9F}.Debug|Any CPU.ActiveCfg = Debug|Any CPU
		{AECBBC31-C47F-48A6-913D-8C0E3AD7AD9F}.Debug|Any CPU.Build.0 = Debug|Any CPU
		{AECBBC31-C47F-48A6-913D-8C0E3AD7AD9F}.Release|Any CPU.ActiveCfg = Release|Any CPU
		{AECBBC31-C47F-48A6-913D-8C0E3AD7AD9F}.Release|Any CPU.Build.0 = Release|Any CPU
		{27084975-92D9-4EFE-9790-B2A94E1DA568}.Debug|Any CPU.ActiveCfg = Debug|Any CPU
		{27084975-92D9-4EFE-9790-B2A94E1DA568}.Debug|Any CPU.Build.0 = Debug|Any CPU
		{27084975-92D9-4EFE-9790-B2A94E1DA568}.Release|Any CPU.ActiveCfg = Release|Any CPU
		{27084975-92D9-4EFE-9790-B2A94E1DA568}.Release|Any CPU.Build.0 = Release|Any CPU
		{17DD4E1C-05D5-480E-99A2-3FDBD9831E10}.Debug|Any CPU.ActiveCfg = Debug|Any CPU
		{17DD4E1C-05D5-480E-99A2-3FDBD9831E10}.Debug|Any CPU.Build.0 = Debug|Any CPU
		{17DD4E1C-05D5-480E-99A2-3FDBD9831E10}.Release|Any CPU.ActiveCfg = Release|Any CPU
		{17DD4E1C-05D5-480E-99A2-3FDBD9831E10}.Release|Any CPU.Build.0 = Release|Any CPU
		{4931B6F4-3D91-44B6-AC0C-CE9365102D31}.Debug|Any CPU.ActiveCfg = Debug|Any CPU
		{4931B6F4-3D91-44B6-AC0C-CE9365102D31}.Debug|Any CPU.Build.0 = Debug|Any CPU
		{4931B6F4-3D91-44B6-AC0C-CE9365102D31}.Release|Any CPU.ActiveCfg = Release|Any CPU
		{4931B6F4-3D91-44B6-AC0C-CE9365102D31}.Release|Any CPU.Build.0 = Release|Any CPU
		{8A41D46C-DBD5-431A-A7AC-BDC6B558F609}.Debug|Any CPU.ActiveCfg = Debug|Any CPU
		{8A41D46C-DBD5-431A-A7AC-BDC6B558F609}.Debug|Any CPU.Build.0 = Debug|Any CPU
		{8A41D46C-DBD5-431A-A7AC-BDC6B558F609}.Release|Any CPU.ActiveCfg = Release|Any CPU
		{8A41D46C-DBD5-431A-A7AC-BDC6B558F609}.Release|Any CPU.Build.0 = Release|Any CPU
		{9FEA2852-FFAF-4801-83D4-16D748E2D67C}.Debug|Any CPU.ActiveCfg = Debug|Any CPU
		{9FEA2852-FFAF-4801-83D4-16D748E2D67C}.Debug|Any CPU.Build.0 = Debug|Any CPU
		{9FEA2852-FFAF-4801-83D4-16D748E2D67C}.Release|Any CPU.ActiveCfg = Release|Any CPU
		{9FEA2852-FFAF-4801-83D4-16D748E2D67C}.Release|Any CPU.Build.0 = Release|Any CPU
		{D52AFE14-8565-443E-BC57-1ECD565D6787}.Debug|Any CPU.ActiveCfg = Debug|Any CPU
		{D52AFE14-8565-443E-BC57-1ECD565D6787}.Debug|Any CPU.Build.0 = Debug|Any CPU
		{D52AFE14-8565-443E-BC57-1ECD565D6787}.Release|Any CPU.ActiveCfg = Release|Any CPU
		{D52AFE14-8565-443E-BC57-1ECD565D6787}.Release|Any CPU.Build.0 = Release|Any CPU
		{5E1A9BC1-EB63-4391-A4CE-01C5919CF1D0}.Debug|Any CPU.ActiveCfg = Debug|Any CPU
		{5E1A9BC1-EB63-4391-A4CE-01C5919CF1D0}.Debug|Any CPU.Build.0 = Debug|Any CPU
		{5E1A9BC1-EB63-4391-A4CE-01C5919CF1D0}.Release|Any CPU.ActiveCfg = Release|Any CPU
		{5E1A9BC1-EB63-4391-A4CE-01C5919CF1D0}.Release|Any CPU.Build.0 = Release|Any CPU
		{2AAC48D1-9308-4436-B65B-17F1988E9411}.Debug|Any CPU.ActiveCfg = Debug|Any CPU
		{2AAC48D1-9308-4436-B65B-17F1988E9411}.Debug|Any CPU.Build.0 = Debug|Any CPU
		{2AAC48D1-9308-4436-B65B-17F1988E9411}.Release|Any CPU.ActiveCfg = Release|Any CPU
		{2AAC48D1-9308-4436-B65B-17F1988E9411}.Release|Any CPU.Build.0 = Release|Any CPU
		{FB74FCCC-BEF4-46BB-AFC9-93445DAC0C8B}.Debug|Any CPU.ActiveCfg = Debug|Any CPU
		{FB74FCCC-BEF4-46BB-AFC9-93445DAC0C8B}.Debug|Any CPU.Build.0 = Debug|Any CPU
		{FB74FCCC-BEF4-46BB-AFC9-93445DAC0C8B}.Release|Any CPU.ActiveCfg = Release|Any CPU
		{FB74FCCC-BEF4-46BB-AFC9-93445DAC0C8B}.Release|Any CPU.Build.0 = Release|Any CPU
		{314B5C8D-0D6B-499A-AA54-627E0D7E349C}.Debug|Any CPU.ActiveCfg = Debug|Any CPU
		{314B5C8D-0D6B-499A-AA54-627E0D7E349C}.Debug|Any CPU.Build.0 = Debug|Any CPU
		{314B5C8D-0D6B-499A-AA54-627E0D7E349C}.Release|Any CPU.ActiveCfg = Release|Any CPU
		{314B5C8D-0D6B-499A-AA54-627E0D7E349C}.Release|Any CPU.Build.0 = Release|Any CPU
		{11A889B0-06D6-41BB-97ED-0A167EDE0566}.Debug|Any CPU.ActiveCfg = Debug|Any CPU
		{11A889B0-06D6-41BB-97ED-0A167EDE0566}.Debug|Any CPU.Build.0 = Debug|Any CPU
		{11A889B0-06D6-41BB-97ED-0A167EDE0566}.Release|Any CPU.ActiveCfg = Release|Any CPU
		{11A889B0-06D6-41BB-97ED-0A167EDE0566}.Release|Any CPU.Build.0 = Release|Any CPU
		{E5905324-71FF-4180-8574-D7C33DA77952}.Debug|Any CPU.ActiveCfg = Debug|Any CPU
		{E5905324-71FF-4180-8574-D7C33DA77952}.Debug|Any CPU.Build.0 = Debug|Any CPU
		{E5905324-71FF-4180-8574-D7C33DA77952}.Release|Any CPU.ActiveCfg = Release|Any CPU
		{E5905324-71FF-4180-8574-D7C33DA77952}.Release|Any CPU.Build.0 = Release|Any CPU
		{9CB61ED0-5436-4C4B-94F6-DA9E35A01E4C}.Debug|Any CPU.ActiveCfg = Debug|Any CPU
		{9CB61ED0-5436-4C4B-94F6-DA9E35A01E4C}.Debug|Any CPU.Build.0 = Debug|Any CPU
		{9CB61ED0-5436-4C4B-94F6-DA9E35A01E4C}.Release|Any CPU.ActiveCfg = Release|Any CPU
		{9CB61ED0-5436-4C4B-94F6-DA9E35A01E4C}.Release|Any CPU.Build.0 = Release|Any CPU
		{B221D555-90E9-400B-9A83-97A2D773D3A3}.Debug|Any CPU.ActiveCfg = Debug|Any CPU
		{B221D555-90E9-400B-9A83-97A2D773D3A3}.Debug|Any CPU.Build.0 = Debug|Any CPU
		{B221D555-90E9-400B-9A83-97A2D773D3A3}.Release|Any CPU.ActiveCfg = Release|Any CPU
		{B221D555-90E9-400B-9A83-97A2D773D3A3}.Release|Any CPU.Build.0 = Release|Any CPU
		{8DE9ACC3-B7B3-40C4-B7B3-B4F8693A8F79}.Debug|Any CPU.ActiveCfg = Debug|Any CPU
		{8DE9ACC3-B7B3-40C4-B7B3-B4F8693A8F79}.Debug|Any CPU.Build.0 = Debug|Any CPU
		{8DE9ACC3-B7B3-40C4-B7B3-B4F8693A8F79}.Release|Any CPU.ActiveCfg = Release|Any CPU
		{8DE9ACC3-B7B3-40C4-B7B3-B4F8693A8F79}.Release|Any CPU.Build.0 = Release|Any CPU
		{D52BA020-A16A-4647-B013-EA5AC108E9B7}.Debug|Any CPU.ActiveCfg = Debug|Any CPU
		{D52BA020-A16A-4647-B013-EA5AC108E9B7}.Debug|Any CPU.Build.0 = Debug|Any CPU
		{D52BA020-A16A-4647-B013-EA5AC108E9B7}.Release|Any CPU.ActiveCfg = Release|Any CPU
		{D52BA020-A16A-4647-B013-EA5AC108E9B7}.Release|Any CPU.Build.0 = Release|Any CPU
	EndGlobalSection
	GlobalSection(SolutionProperties) = preSolution
		HideSolutionNode = FALSE
	EndGlobalSection
	GlobalSection(NestedProjects) = preSolution
		{7ED9EB0C-89BF-4E4C-A50A-C6FE0FA68EF8} = {8F9DBEDC-AF58-45E3-B36D-C9D0BB31AABA}
		{76BDF7B5-8C52-4692-B4A5-CC5781EFB595} = {7ED9EB0C-89BF-4E4C-A50A-C6FE0FA68EF8}
		{66A48072-3199-413E-B034-9CE714AAA896} = {7ED9EB0C-89BF-4E4C-A50A-C6FE0FA68EF8}
		{DB9CC17D-DC04-4229-B749-A21698D358BB} = {7ED9EB0C-89BF-4E4C-A50A-C6FE0FA68EF8}
		{265CCC45-A285-4CC3-96C5-018458387D99} = {7ED9EB0C-89BF-4E4C-A50A-C6FE0FA68EF8}
		{3BD76DEC-A194-4858-8AF1-D08884D91B62} = {7ED9EB0C-89BF-4E4C-A50A-C6FE0FA68EF8}
		{661D2BF3-5B30-4B69-8EFD-F247B9780E65} = {8F9DBEDC-AF58-45E3-B36D-C9D0BB31AABA}
		{C472BB4C-94D4-417F-A3E1-77BE14B22AD8} = {661D2BF3-5B30-4B69-8EFD-F247B9780E65}
		{AECBBC31-C47F-48A6-913D-8C0E3AD7AD9F} = {661D2BF3-5B30-4B69-8EFD-F247B9780E65}
		{27084975-92D9-4EFE-9790-B2A94E1DA568} = {661D2BF3-5B30-4B69-8EFD-F247B9780E65}
		{17DD4E1C-05D5-480E-99A2-3FDBD9831E10} = {661D2BF3-5B30-4B69-8EFD-F247B9780E65}
		{4931B6F4-3D91-44B6-AC0C-CE9365102D31} = {661D2BF3-5B30-4B69-8EFD-F247B9780E65}
		{8A41D46C-DBD5-431A-A7AC-BDC6B558F609} = {661D2BF3-5B30-4B69-8EFD-F247B9780E65}
		{9FEA2852-FFAF-4801-83D4-16D748E2D67C} = {661D2BF3-5B30-4B69-8EFD-F247B9780E65}
		{3B975867-8453-4854-B303-7EDFCC99EF43} = {8F9DBEDC-AF58-45E3-B36D-C9D0BB31AABA}
		{D52AFE14-8565-443E-BC57-1ECD565D6787} = {3B975867-8453-4854-B303-7EDFCC99EF43}
		{5E1A9BC1-EB63-4391-A4CE-01C5919CF1D0} = {3B975867-8453-4854-B303-7EDFCC99EF43}
		{2AAC48D1-9308-4436-B65B-17F1988E9411} = {3B975867-8453-4854-B303-7EDFCC99EF43}
		{FB74FCCC-BEF4-46BB-AFC9-93445DAC0C8B} = {3B975867-8453-4854-B303-7EDFCC99EF43}
		{314B5C8D-0D6B-499A-AA54-627E0D7E349C} = {3B975867-8453-4854-B303-7EDFCC99EF43}
		{11A889B0-06D6-41BB-97ED-0A167EDE0566} = {3B975867-8453-4854-B303-7EDFCC99EF43}
		{E5905324-71FF-4180-8574-D7C33DA77952} = {3B975867-8453-4854-B303-7EDFCC99EF43}
		{9CB61ED0-5436-4C4B-94F6-DA9E35A01E4C} = {3B975867-8453-4854-B303-7EDFCC99EF43}
		{B221D555-90E9-400B-9A83-97A2D773D3A3} = {3B975867-8453-4854-B303-7EDFCC99EF43}
		{8DE9ACC3-B7B3-40C4-B7B3-B4F8693A8F79} = {3B975867-8453-4854-B303-7EDFCC99EF43}
		{D52BA020-A16A-4647-B013-EA5AC108E9B7} = {3B975867-8453-4854-B303-7EDFCC99EF43}
	EndGlobalSection
	GlobalSection(ExtensibilityGlobals) = postSolution
		SolutionGuid = {6CC15CF1-2CC1-4619-9AB8-3D8F1F3C64F0}
	EndGlobalSection
EndGlobal
